
Microsoft Visual Studio Solution File, Format Version 12.00
# Visual Studio Version 17
VisualStudioVersion = 17.9.34902.65
MinimumVisualStudioVersion = 10.0.40219.1
Project("{FAE04EC0-301F-11D3-BF4B-00C04F79EFBC}") = "1053_Chitoiu_Andrei_Victor_Proiect_PAW", "Assignment_1_Agenda\1053_Chitoiu_Andrei_Victor_Proiect_PAW.csproj", "{A0FC76CC-81D8-40D9-BDBC-D763886B2A46}"
EndProject
Global
	GlobalSection(SolutionConfigurationPlatforms) = preSolution
		Debug|Any CPU = Debug|Any CPU
		Release|Any CPU = Release|Any CPU
	EndGlobalSection
	GlobalSection(ProjectConfigurationPlatforms) = postSolution
		{A0FC76CC-81D8-40D9-BDBC-D763886B2A46}.Debug|Any CPU.ActiveCfg = Debug|Any CPU
		{A0FC76CC-81D8-40D9-BDBC-D763886B2A46}.Debug|Any CPU.Build.0 = Debug|Any CPU
		{A0FC76CC-81D8-40D9-BDBC-D763886B2A46}.Release|Any CPU.ActiveCfg = Release|Any CPU
		{A0FC76CC-81D8-40D9-BDBC-D763886B2A46}.Release|Any CPU.Build.0 = Release|Any CPU
	EndGlobalSection
	GlobalSection(SolutionProperties) = preSolution
		HideSolutionNode = FALSE
	EndGlobalSection
	GlobalSection(ExtensibilityGlobals) = postSolution
		SolutionGuid = {D7D999B5-9915-47B4-8044-F09F20D444EB}
	EndGlobalSection
EndGlobal
